{
  "name": "discord_webhook",
  "version": "1.0.0",
  "lockfileVersion": 2,
  "requires": true,
  "packages": {
    "": {
      "name": "discord_webhook",
      "version": "1.0.0",
      "license": "ISC",
      "dependencies": {
        "dotenv": "^16.0.3",
        "ping": "^0.4.4"
      },
      "devDependencies": {
        "@types/node": "^20.1.5"
      }
    },
    "node_modules/@types/node": {
      "version": "20.1.5",
      "resolved": "https://registry.npmjs.org/@types/node/-/node-20.1.5.tgz",
      "integrity": "sha512-IvGD1CD/nego63ySR7vrAKEX3AJTcmrAN2kn+/sDNLi1Ff5kBzDeEdqWDplK+0HAEoLYej137Sk0cUU8OLOlMg==",
      "dev": true
    },
    "node_modules/dotenv": {
      "version": "16.0.3",
      "resolved": "https://registry.npmjs.org/dotenv/-/dotenv-16.0.3.tgz",
      "integrity": "sha512-7GO6HghkA5fYG9TYnNxi14/7K9f5occMlp3zXAuSxn7CKCxt9xbNWG7yF8hTCSUchlfWSe3uLmlPfigevRItzQ==",
      "engines": {
        "node": ">=12"
      }
    },
    "node_modules/ping": {
      "version": "0.4.4",
      "resolved": "https://registry.npmjs.org/ping/-/ping-0.4.4.tgz",
      "integrity": "sha512-56ZMC0j7SCsMMLdOoUg12VZCfj/+ZO+yfOSjaNCRrmZZr6GLbN2X/Ui56T15dI8NhiHckaw5X2pvyfAomanwqQ==",
      "engines": {
        "node": ">=4.0.0"
      }
    }
  },
  "dependencies": {
    "@types/node": {
      "version": "20.1.5",
      "resolved": "https://registry.npmjs.org/@types/node/-/node-20.1.5.tgz",
      "integrity": "sha512-IvGD1CD/nego63ySR7vrAKEX3AJTcmrAN2kn+/sDNLi1Ff5kBzDeEdqWDplK+0HAEoLYej137Sk0cUU8OLOlMg==",
      "dev": true
    },
    "dotenv": {
      "version": "16.0.3",
      "resolved": "https://registry.npmjs.org/dotenv/-/dotenv-16.0.3.tgz",
      "integrity": "sha512-7GO6HghkA5fYG9TYnNxi14/7K9f5occMlp3zXAuSxn7CKCxt9xbNWG7yF8hTCSUchlfWSe3uLmlPfigevRItzQ=="
    },
    "ping": {
      "version": "0.4.4",
      "resolved": "https://registry.npmjs.org/ping/-/ping-0.4.4.tgz",
      "integrity": "sha512-56ZMC0j7SCsMMLdOoUg12VZCfj/+ZO+yfOSjaNCRrmZZr6GLbN2X/Ui56T15dI8NhiHckaw5X2pvyfAomanwqQ=="
    }
  }
}
